
Microsoft Visual Studio Solution File, Format Version 12.00
# Visual Studio Version 16
VisualStudioVersion = 16.0.35026.282
MinimumVisualStudioVersion = 10.0.40219.1
Project("{FAE04EC0-301F-11D3-BF4B-00C04F79EFBC}") = "String_Concat", "String_Concat\String_Concat.csproj", "{922C166A-E68E-4174-BAFF-5BCE1D77B776}"
EndProject
Global
	GlobalSection(SolutionConfigurationPlatforms) = preSolution
		Debug|Any CPU = Debug|Any CPU
		Release|Any CPU = Release|Any CPU
	EndGlobalSection
	GlobalSection(ProjectConfigurationPlatforms) = postSolution
		{922C166A-E68E-4174-BAFF-5BCE1D77B776}.Debug|Any CPU.ActiveCfg = Debug|Any CPU
		{922C166A-E68E-4174-BAFF-5BCE1D77B776}.Debug|Any CPU.Build.0 = Debug|Any CPU
		{922C166A-E68E-4174-BAFF-5BCE1D77B776}.Release|Any CPU.ActiveCfg = Release|Any CPU
		{922C166A-E68E-4174-BAFF-5BCE1D77B776}.Release|Any CPU.Build.0 = Release|Any CPU
	EndGlobalSection
	GlobalSection(SolutionProperties) = preSolution
		HideSolutionNode = FALSE
	EndGlobalSection
	GlobalSection(ExtensibilityGlobals) = postSolution
		SolutionGuid = {D61A21FA-78F1-4C6C-A8E4-9464E2D5FE1D}
	EndGlobalSection
EndGlobal
