
Microsoft Visual Studio Solution File, Format Version 12.00
# Visual Studio Version 16
VisualStudioVersion = 16.0.35026.282
MinimumVisualStudioVersion = 10.0.40219.1
Project("{FAE04EC0-301F-11D3-BF4B-00C04F79EFBC}") = "patternprintingM", "patternprintingM\patternprintingM.csproj", "{8F64DA46-A48D-4C5C-ACF5-27827AF12937}"
EndProject
Global
	GlobalSection(SolutionConfigurationPlatforms) = preSolution
		Debug|Any CPU = Debug|Any CPU
		Release|Any CPU = Release|Any CPU
	EndGlobalSection
	GlobalSection(ProjectConfigurationPlatforms) = postSolution
		{8F64DA46-A48D-4C5C-ACF5-27827AF12937}.Debug|Any CPU.ActiveCfg = Debug|Any CPU
		{8F64DA46-A48D-4C5C-ACF5-27827AF12937}.Debug|Any CPU.Build.0 = Debug|Any CPU
		{8F64DA46-A48D-4C5C-ACF5-27827AF12937}.Release|Any CPU.ActiveCfg = Release|Any CPU
		{8F64DA46-A48D-4C5C-ACF5-27827AF12937}.Release|Any CPU.Build.0 = Release|Any CPU
	EndGlobalSection
	GlobalSection(SolutionProperties) = preSolution
		HideSolutionNode = FALSE
	EndGlobalSection
	GlobalSection(ExtensibilityGlobals) = postSolution
		SolutionGuid = {169A5C88-9A13-44A5-8D73-1960467DB41A}
	EndGlobalSection
EndGlobal
