
Microsoft Visual Studio Solution File, Format Version 12.00
# Visual Studio Version 16
VisualStudioVersion = 16.0.35026.282
MinimumVisualStudioVersion = 10.0.40219.1
Project("{FAE04EC0-301F-11D3-BF4B-00C04F79EFBC}") = "goto", "goto\goto.csproj", "{F7E9AD2E-3B53-4247-A93F-5382E8B88C90}"
EndProject
Global
	GlobalSection(SolutionConfigurationPlatforms) = preSolution
		Debug|Any CPU = Debug|Any CPU
		Release|Any CPU = Release|Any CPU
	EndGlobalSection
	GlobalSection(ProjectConfigurationPlatforms) = postSolution
		{F7E9AD2E-3B53-4247-A93F-5382E8B88C90}.Debug|Any CPU.ActiveCfg = Debug|Any CPU
		{F7E9AD2E-3B53-4247-A93F-5382E8B88C90}.Debug|Any CPU.Build.0 = Debug|Any CPU
		{F7E9AD2E-3B53-4247-A93F-5382E8B88C90}.Release|Any CPU.ActiveCfg = Release|Any CPU
		{F7E9AD2E-3B53-4247-A93F-5382E8B88C90}.Release|Any CPU.Build.0 = Release|Any CPU
	EndGlobalSection
	GlobalSection(SolutionProperties) = preSolution
		HideSolutionNode = FALSE
	EndGlobalSection
	GlobalSection(ExtensibilityGlobals) = postSolution
		SolutionGuid = {F8200273-BE63-4517-9B5C-D2C6640F123A}
	EndGlobalSection
EndGlobal
