
Microsoft Visual Studio Solution File, Format Version 12.00
# Visual Studio Version 16
VisualStudioVersion = 16.0.35026.282
MinimumVisualStudioVersion = 10.0.40219.1
Project("{FAE04EC0-301F-11D3-BF4B-00C04F79EFBC}") = "product_and_sum_function", "product_and_sum_function\product_and_sum_function.csproj", "{6D54261C-40E8-437A-815F-024C63318811}"
EndProject
Global
	GlobalSection(SolutionConfigurationPlatforms) = preSolution
		Debug|Any CPU = Debug|Any CPU
		Release|Any CPU = Release|Any CPU
	EndGlobalSection
	GlobalSection(ProjectConfigurationPlatforms) = postSolution
		{6D54261C-40E8-437A-815F-024C63318811}.Debug|Any CPU.ActiveCfg = Debug|Any CPU
		{6D54261C-40E8-437A-815F-024C63318811}.Debug|Any CPU.Build.0 = Debug|Any CPU
		{6D54261C-40E8-437A-815F-024C63318811}.Release|Any CPU.ActiveCfg = Release|Any CPU
		{6D54261C-40E8-437A-815F-024C63318811}.Release|Any CPU.Build.0 = Release|Any CPU
	EndGlobalSection
	GlobalSection(SolutionProperties) = preSolution
		HideSolutionNode = FALSE
	EndGlobalSection
	GlobalSection(ExtensibilityGlobals) = postSolution
		SolutionGuid = {AD36357A-BC6E-415A-BFDD-36F6DCA1257B}
	EndGlobalSection
EndGlobal
