
Microsoft Visual Studio Solution File, Format Version 12.00
# Visual Studio Version 16
VisualStudioVersion = 16.0.35026.282
MinimumVisualStudioVersion = 10.0.40219.1
Project("{FAE04EC0-301F-11D3-BF4B-00C04F79EFBC}") = "property_read_write", "property_read_write\property_read_write.csproj", "{D4A9B742-4236-4596-80F0-B7FA3E260AA8}"
EndProject
Global
	GlobalSection(SolutionConfigurationPlatforms) = preSolution
		Debug|Any CPU = Debug|Any CPU
		Release|Any CPU = Release|Any CPU
	EndGlobalSection
	GlobalSection(ProjectConfigurationPlatforms) = postSolution
		{D4A9B742-4236-4596-80F0-B7FA3E260AA8}.Debug|Any CPU.ActiveCfg = Debug|Any CPU
		{D4A9B742-4236-4596-80F0-B7FA3E260AA8}.Debug|Any CPU.Build.0 = Debug|Any CPU
		{D4A9B742-4236-4596-80F0-B7FA3E260AA8}.Release|Any CPU.ActiveCfg = Release|Any CPU
		{D4A9B742-4236-4596-80F0-B7FA3E260AA8}.Release|Any CPU.Build.0 = Release|Any CPU
	EndGlobalSection
	GlobalSection(SolutionProperties) = preSolution
		HideSolutionNode = FALSE
	EndGlobalSection
	GlobalSection(ExtensibilityGlobals) = postSolution
		SolutionGuid = {9E82C507-ED8E-41A6-B569-C0483CF440F6}
	EndGlobalSection
EndGlobal
