
Microsoft Visual Studio Solution File, Format Version 12.00
# Visual Studio Version 16
VisualStudioVersion = 16.0.35026.282
MinimumVisualStudioVersion = 10.0.40219.1
Project("{FAE04EC0-301F-11D3-BF4B-00C04F79EFBC}") = "array_new", "array_new\array_new.csproj", "{8B33F58A-52F9-4A75-B64B-EC6462E13624}"
EndProject
Global
	GlobalSection(SolutionConfigurationPlatforms) = preSolution
		Debug|Any CPU = Debug|Any CPU
		Release|Any CPU = Release|Any CPU
	EndGlobalSection
	GlobalSection(ProjectConfigurationPlatforms) = postSolution
		{8B33F58A-52F9-4A75-B64B-EC6462E13624}.Debug|Any CPU.ActiveCfg = Debug|Any CPU
		{8B33F58A-52F9-4A75-B64B-EC6462E13624}.Debug|Any CPU.Build.0 = Debug|Any CPU
		{8B33F58A-52F9-4A75-B64B-EC6462E13624}.Release|Any CPU.ActiveCfg = Release|Any CPU
		{8B33F58A-52F9-4A75-B64B-EC6462E13624}.Release|Any CPU.Build.0 = Release|Any CPU
	EndGlobalSection
	GlobalSection(SolutionProperties) = preSolution
		HideSolutionNode = FALSE
	EndGlobalSection
	GlobalSection(ExtensibilityGlobals) = postSolution
		SolutionGuid = {8E172967-C1A8-463F-AB0B-D402C0B6429B}
	EndGlobalSection
EndGlobal
