
Microsoft Visual Studio Solution File, Format Version 12.00
# Visual Studio Version 16
VisualStudioVersion = 16.0.35026.282
MinimumVisualStudioVersion = 10.0.40219.1
Project("{FAE04EC0-301F-11D3-BF4B-00C04F79EFBC}") = "eception_handling", "eception_handling\eception_handling.csproj", "{0E57D60B-16E3-4AC2-90C5-A1E1F7D6F1FF}"
EndProject
Global
	GlobalSection(SolutionConfigurationPlatforms) = preSolution
		Debug|Any CPU = Debug|Any CPU
		Release|Any CPU = Release|Any CPU
	EndGlobalSection
	GlobalSection(ProjectConfigurationPlatforms) = postSolution
		{0E57D60B-16E3-4AC2-90C5-A1E1F7D6F1FF}.Debug|Any CPU.ActiveCfg = Debug|Any CPU
		{0E57D60B-16E3-4AC2-90C5-A1E1F7D6F1FF}.Debug|Any CPU.Build.0 = Debug|Any CPU
		{0E57D60B-16E3-4AC2-90C5-A1E1F7D6F1FF}.Release|Any CPU.ActiveCfg = Release|Any CPU
		{0E57D60B-16E3-4AC2-90C5-A1E1F7D6F1FF}.Release|Any CPU.Build.0 = Release|Any CPU
	EndGlobalSection
	GlobalSection(SolutionProperties) = preSolution
		HideSolutionNode = FALSE
	EndGlobalSection
	GlobalSection(ExtensibilityGlobals) = postSolution
		SolutionGuid = {8AD4984D-E6A4-4373-9A43-4506D1B0EEB2}
	EndGlobalSection
EndGlobal
