
Microsoft Visual Studio Solution File, Format Version 12.00
# Visual Studio Version 16
VisualStudioVersion = 16.0.35026.282
MinimumVisualStudioVersion = 10.0.40219.1
Project("{FAE04EC0-301F-11D3-BF4B-00C04F79EFBC}") = "largestamongtwo", "largestamongtwo\largestamongtwo.csproj", "{C3B2D704-868A-4692-9AA6-4857EE166EC1}"
EndProject
Global
	GlobalSection(SolutionConfigurationPlatforms) = preSolution
		Debug|Any CPU = Debug|Any CPU
		Release|Any CPU = Release|Any CPU
	EndGlobalSection
	GlobalSection(ProjectConfigurationPlatforms) = postSolution
		{C3B2D704-868A-4692-9AA6-4857EE166EC1}.Debug|Any CPU.ActiveCfg = Debug|Any CPU
		{C3B2D704-868A-4692-9AA6-4857EE166EC1}.Debug|Any CPU.Build.0 = Debug|Any CPU
		{C3B2D704-868A-4692-9AA6-4857EE166EC1}.Release|Any CPU.ActiveCfg = Release|Any CPU
		{C3B2D704-868A-4692-9AA6-4857EE166EC1}.Release|Any CPU.Build.0 = Release|Any CPU
	EndGlobalSection
	GlobalSection(SolutionProperties) = preSolution
		HideSolutionNode = FALSE
	EndGlobalSection
	GlobalSection(ExtensibilityGlobals) = postSolution
		SolutionGuid = {2E638197-5A88-4444-9C31-88054BAB3831}
	EndGlobalSection
EndGlobal
