
Microsoft Visual Studio Solution File, Format Version 12.00
# Visual Studio Version 16
VisualStudioVersion = 16.0.35026.282
MinimumVisualStudioVersion = 10.0.40219.1
Project("{FAE04EC0-301F-11D3-BF4B-00C04F79EFBC}") = "evenuptondowhile", "evenuptondowhile\evenuptondowhile.csproj", "{96556D01-67E7-4E92-B65F-03E4E1F58B2A}"
EndProject
Global
	GlobalSection(SolutionConfigurationPlatforms) = preSolution
		Debug|Any CPU = Debug|Any CPU
		Release|Any CPU = Release|Any CPU
	EndGlobalSection
	GlobalSection(ProjectConfigurationPlatforms) = postSolution
		{96556D01-67E7-4E92-B65F-03E4E1F58B2A}.Debug|Any CPU.ActiveCfg = Debug|Any CPU
		{96556D01-67E7-4E92-B65F-03E4E1F58B2A}.Debug|Any CPU.Build.0 = Debug|Any CPU
		{96556D01-67E7-4E92-B65F-03E4E1F58B2A}.Release|Any CPU.ActiveCfg = Release|Any CPU
		{96556D01-67E7-4E92-B65F-03E4E1F58B2A}.Release|Any CPU.Build.0 = Release|Any CPU
	EndGlobalSection
	GlobalSection(SolutionProperties) = preSolution
		HideSolutionNode = FALSE
	EndGlobalSection
	GlobalSection(ExtensibilityGlobals) = postSolution
		SolutionGuid = {45D54022-FA6E-4B55-93CF-5A3766FDB6C3}
	EndGlobalSection
EndGlobal
